
Microsoft Visual Studio Solution File, Format Version 12.00
# Visual Studio 2013
VisualStudioVersion = 12.0.21005.1
MinimumVisualStudioVersion = 10.0.40219.1
Project("{FAE04EC0-301F-11D3-BF4B-00C04F79EFBC}") = "MetroNetworkReader", "MetroNetworkReader\MetroNetworkReader.csproj", "{99155FE0-837E-4A69-B976-516E7B917AC2}"
EndProject
Project("{FAE04EC0-301F-11D3-BF4B-00C04F79EFBC}") = "MetroNetworkReader.Specs", "MetroNetworkReader.Specs\MetroNetworkReader.Specs.csproj", "{3148B8C9-AD2C-4429-A180-9F1871922D3A}"
EndProject
Project("{FAE04EC0-301F-11D3-BF4B-00C04F79EFBC}") = "MetroNetwork", "MetroNetwork\MetroNetwork.csproj", "{505A9EBD-0B4A-4457-9C3B-22E31F319646}"
EndProject
Project("{FAE04EC0-301F-11D3-BF4B-00C04F79EFBC}") = "MetroNetworkService", "MetroNetworkService\MetroNetworkService.csproj", "{2CCCBFE1-4827-4687-B2EB-7FCFF864D8CE}"
EndProject
Project("{2150E333-8FDC-42A3-9474-1A3956D46DE8}") = "ZagrebMetroServiceRestJson", "ZagrebMetroServiceRestJson", "{15212267-A75C-4D66-AA23-6619A28E7772}"
EndProject
Project("{FAE04EC0-301F-11D3-BF4B-00C04F79EFBC}") = "ZagrebMetroService", "ZagrebMetroService\ZagrebMetroService.csproj", "{3F782422-FAEF-478E-AC41-3DF65006E349}"
EndProject
Project("{FAE04EC0-301F-11D3-BF4B-00C04F79EFBC}") = "ZagrebMetroService.Specs", "ZagrebMetroService.Specs\ZagrebMetroService.Specs.csproj", "{AA0909D2-59D7-4E04-B496-900252C2A729}"
EndProject
Project("{FAE04EC0-301F-11D3-BF4B-00C04F79EFBC}") = "ZagrebMetroClient", "ZagrebMetroClient\ZagrebMetroClient.csproj", "{1653453E-DFCA-4E88-A1BF-D1D2E967333C}"
EndProject
Project("{FAE04EC0-301F-11D3-BF4B-00C04F79EFBC}") = "RestRequestHelpers", "RestRequestHelpers\RestRequestHelpers.csproj", "{3C1C61B7-8B23-45C5-93EE-F6709A0700EC}"
EndProject
Global
	GlobalSection(SolutionConfigurationPlatforms) = preSolution
		Debug|Any CPU = Debug|Any CPU
		Release|Any CPU = Release|Any CPU
	EndGlobalSection
	GlobalSection(ProjectConfigurationPlatforms) = postSolution
		{99155FE0-837E-4A69-B976-516E7B917AC2}.Debug|Any CPU.ActiveCfg = Debug|Any CPU
		{99155FE0-837E-4A69-B976-516E7B917AC2}.Debug|Any CPU.Build.0 = Debug|Any CPU
		{99155FE0-837E-4A69-B976-516E7B917AC2}.Release|Any CPU.ActiveCfg = Release|Any CPU
		{99155FE0-837E-4A69-B976-516E7B917AC2}.Release|Any CPU.Build.0 = Release|Any CPU
		{3148B8C9-AD2C-4429-A180-9F1871922D3A}.Debug|Any CPU.ActiveCfg = Debug|Any CPU
		{3148B8C9-AD2C-4429-A180-9F1871922D3A}.Debug|Any CPU.Build.0 = Debug|Any CPU
		{3148B8C9-AD2C-4429-A180-9F1871922D3A}.Release|Any CPU.ActiveCfg = Release|Any CPU
		{3148B8C9-AD2C-4429-A180-9F1871922D3A}.Release|Any CPU.Build.0 = Release|Any CPU
		{505A9EBD-0B4A-4457-9C3B-22E31F319646}.Debug|Any CPU.ActiveCfg = Debug|Any CPU
		{505A9EBD-0B4A-4457-9C3B-22E31F319646}.Debug|Any CPU.Build.0 = Debug|Any CPU
		{505A9EBD-0B4A-4457-9C3B-22E31F319646}.Release|Any CPU.ActiveCfg = Release|Any CPU
		{505A9EBD-0B4A-4457-9C3B-22E31F319646}.Release|Any CPU.Build.0 = Release|Any CPU
		{2CCCBFE1-4827-4687-B2EB-7FCFF864D8CE}.Debug|Any CPU.ActiveCfg = Debug|Any CPU
		{2CCCBFE1-4827-4687-B2EB-7FCFF864D8CE}.Debug|Any CPU.Build.0 = Debug|Any CPU
		{2CCCBFE1-4827-4687-B2EB-7FCFF864D8CE}.Release|Any CPU.ActiveCfg = Release|Any CPU
		{2CCCBFE1-4827-4687-B2EB-7FCFF864D8CE}.Release|Any CPU.Build.0 = Release|Any CPU
		{3F782422-FAEF-478E-AC41-3DF65006E349}.Debug|Any CPU.ActiveCfg = Debug|Any CPU
		{3F782422-FAEF-478E-AC41-3DF65006E349}.Debug|Any CPU.Build.0 = Debug|Any CPU
		{3F782422-FAEF-478E-AC41-3DF65006E349}.Release|Any CPU.ActiveCfg = Release|Any CPU
		{3F782422-FAEF-478E-AC41-3DF65006E349}.Release|Any CPU.Build.0 = Release|Any CPU
		{AA0909D2-59D7-4E04-B496-900252C2A729}.Debug|Any CPU.ActiveCfg = Debug|Any CPU
		{AA0909D2-59D7-4E04-B496-900252C2A729}.Debug|Any CPU.Build.0 = Debug|Any CPU
		{AA0909D2-59D7-4E04-B496-900252C2A729}.Release|Any CPU.ActiveCfg = Release|Any CPU
		{AA0909D2-59D7-4E04-B496-900252C2A729}.Release|Any CPU.Build.0 = Release|Any CPU
		{1653453E-DFCA-4E88-A1BF-D1D2E967333C}.Debug|Any CPU.ActiveCfg = Debug|Any CPU
		{1653453E-DFCA-4E88-A1BF-D1D2E967333C}.Debug|Any CPU.Build.0 = Debug|Any CPU
		{1653453E-DFCA-4E88-A1BF-D1D2E967333C}.Release|Any CPU.ActiveCfg = Release|Any CPU
		{1653453E-DFCA-4E88-A1BF-D1D2E967333C}.Release|Any CPU.Build.0 = Release|Any CPU
		{3C1C61B7-8B23-45C5-93EE-F6709A0700EC}.Debug|Any CPU.ActiveCfg = Debug|Any CPU
		{3C1C61B7-8B23-45C5-93EE-F6709A0700EC}.Debug|Any CPU.Build.0 = Debug|Any CPU
		{3C1C61B7-8B23-45C5-93EE-F6709A0700EC}.Release|Any CPU.ActiveCfg = Release|Any CPU
		{3C1C61B7-8B23-45C5-93EE-F6709A0700EC}.Release|Any CPU.Build.0 = Release|Any CPU
	EndGlobalSection
	GlobalSection(SolutionProperties) = preSolution
		HideSolutionNode = FALSE
	EndGlobalSection
	GlobalSection(NestedProjects) = preSolution
		{2CCCBFE1-4827-4687-B2EB-7FCFF864D8CE} = {15212267-A75C-4D66-AA23-6619A28E7772}
		{3F782422-FAEF-478E-AC41-3DF65006E349} = {15212267-A75C-4D66-AA23-6619A28E7772}
		{AA0909D2-59D7-4E04-B496-900252C2A729} = {15212267-A75C-4D66-AA23-6619A28E7772}
		{1653453E-DFCA-4E88-A1BF-D1D2E967333C} = {15212267-A75C-4D66-AA23-6619A28E7772}
		{3C1C61B7-8B23-45C5-93EE-F6709A0700EC} = {15212267-A75C-4D66-AA23-6619A28E7772}
	EndGlobalSection
EndGlobal
