
Microsoft Visual Studio Solution File, Format Version 12.00
# Visual Studio 2013
VisualStudioVersion = 12.0.21005.1
MinimumVisualStudioVersion = 10.0.40219.1
Project("{FAE04EC0-301F-11D3-BF4B-00C04F79EFBC}") = "MetroNetworkReader", "MetroNetworkReader\MetroNetworkReader.csproj", "{99155FE0-837E-4A69-B976-516E7B917AC2}"
EndProject
Project("{FAE04EC0-301F-11D3-BF4B-00C04F79EFBC}") = "MetroNetworkReader.Specs", "MetroNetworkReader.Specs\MetroNetworkReader.Specs.csproj", "{3148B8C9-AD2C-4429-A180-9F1871922D3A}"
EndProject
Project("{FAE04EC0-301F-11D3-BF4B-00C04F79EFBC}") = "MetroNetwork", "MetroNetwork\MetroNetwork.csproj", "{505A9EBD-0B4A-4457-9C3B-22E31F319646}"
EndProject
Global
	GlobalSection(SolutionConfigurationPlatforms) = preSolution
		Debug|Any CPU = Debug|Any CPU
		Release|Any CPU = Release|Any CPU
	EndGlobalSection
	GlobalSection(ProjectConfigurationPlatforms) = postSolution
		{99155FE0-837E-4A69-B976-516E7B917AC2}.Debug|Any CPU.ActiveCfg = Debug|Any CPU
		{99155FE0-837E-4A69-B976-516E7B917AC2}.Debug|Any CPU.Build.0 = Debug|Any CPU
		{99155FE0-837E-4A69-B976-516E7B917AC2}.Release|Any CPU.ActiveCfg = Release|Any CPU
		{99155FE0-837E-4A69-B976-516E7B917AC2}.Release|Any CPU.Build.0 = Release|Any CPU
		{3148B8C9-AD2C-4429-A180-9F1871922D3A}.Debug|Any CPU.ActiveCfg = Debug|Any CPU
		{3148B8C9-AD2C-4429-A180-9F1871922D3A}.Debug|Any CPU.Build.0 = Debug|Any CPU
		{3148B8C9-AD2C-4429-A180-9F1871922D3A}.Release|Any CPU.ActiveCfg = Release|Any CPU
		{3148B8C9-AD2C-4429-A180-9F1871922D3A}.Release|Any CPU.Build.0 = Release|Any CPU
		{505A9EBD-0B4A-4457-9C3B-22E31F319646}.Debug|Any CPU.ActiveCfg = Debug|Any CPU
		{505A9EBD-0B4A-4457-9C3B-22E31F319646}.Debug|Any CPU.Build.0 = Debug|Any CPU
		{505A9EBD-0B4A-4457-9C3B-22E31F319646}.Release|Any CPU.ActiveCfg = Release|Any CPU
		{505A9EBD-0B4A-4457-9C3B-22E31F319646}.Release|Any CPU.Build.0 = Release|Any CPU
	EndGlobalSection
	GlobalSection(SolutionProperties) = preSolution
		HideSolutionNode = FALSE
	EndGlobalSection
EndGlobal
